# This file is autogenerated, do not edit; changes may be undone by the next 'dep ensure'.


[[projects]]
  digest = "1:38beba9afeb613a2a1504b118165c1a6caea134160c969980427952c7a475f44"
  name = "github.com/KyleBanks/depth"
  packages = ["."]
  pruneopts = "UT"
  revision = "fec4dc38699e903ea7b44b2887549d2e7cd0a9f1"
  version = "v1.2.1"

[[projects]]
  digest = "1:a2682518d905d662d984ef9959984ef87cecb777d379bfa9d9fe40e78069b3e4"
  name = "github.com/PuerkitoBio/purell"
  packages = ["."]
  pruneopts = "UT"
  revision = "44968752391892e1b0d0b821ee79e9a85fa13049"
  version = "v1.1.1"

[[projects]]
  branch = "master"
  digest = "1:c739832d67eb1e9cc478a19cc1a1ccd78df0397bf8a32978b759152e205f644b"
  name = "github.com/PuerkitoBio/urlesc"
  packages = ["."]
  pruneopts = "UT"
  revision = "de5bf2ad457846296e2031421a34e2568e304e35"

[[projects]]
  branch = "master"
  digest = "1:1a200e7e73293b75eb8e5c93d023b5472663432da0b663e1532624fcfede9ca8"
  name = "github.com/anmitsu/go-shlex"
  packages = ["."]
  pruneopts = "UT"
  revision = "648efa622239a2f6ff949fed78ee37b48d499ba4"

[[projects]]
  digest = "1:b520b55fc1146c5b0eea03b07233f7a3d4a9be985c037c91ea6b82ecb81bd521"
  name = "github.com/bitly/go-simplejson"
  packages = ["."]
  pruneopts = "UT"
  revision = "aabad6e819789e569bd6aabf444c935aa9ba1e44"
  version = "v0.5.0"

[[projects]]
  digest = "1:b6d886569181ec96ca83d529f4d6ba0cbf92ace7bb6f633f90c5f34d9bba7aab"
  name = "github.com/blang/semver"
  packages = ["."]
  pruneopts = "UT"
  revision = "ba2c2ddd89069b46a7011d4106f6868f17ee1705"
  version = "v3.6.1"

[[projects]]
  digest = "1:26f2a28a9077d5b11df8af4cee2bcff1e1dd414a1b3f1fac99aa7d23439e4bf1"
  name = "github.com/cheggaaa/pb"
  packages = ["."]
  pruneopts = "UT"
  revision = "40231cf7fa00b7c9098939b6a9e6f54f4b3ce020"
  version = "v3.0.1"

[[projects]]
  digest = "1:0a01355005024757ae2a1f62e8fe68a30b4f5fde7a08ac88b3685e7999ac354b"
  name = "github.com/gliderlabs/ssh"
  packages = ["."]
  pruneopts = "UT"
  revision = "5b6cc7030f17095c0cf23bb063b0bfe824fe5f8b"
  version = "v0.2.2"

[[projects]]
  digest = "1:3199d542cd80a8505e4cd90bb6c7d0bca8a67948834239053c78f9e20b8caa5f"
  name = "github.com/go-openapi/jsonpointer"
  packages = ["."]
  pruneopts = "UT"
  revision = "a105a905c5e6ad147f08504784917f3e178e0ba5"
  version = "v0.19.2"

[[projects]]
  digest = "1:8b54a5c13b78b966644a9887433794034c14993a89ac93d532c587fc22d7f6bf"
  name = "github.com/go-openapi/jsonreference"
  packages = ["."]
  pruneopts = "UT"
  revision = "2903bfd4bfbaf188694f1edf731f2725a8fa344f"
  version = "v0.19.2"

[[projects]]
  digest = "1:b1f97d0d316f90c2059f7bfee14855c314d65834a3b93f02856e01c1fb8fbebe"
  name = "github.com/go-openapi/spec"
  packages = ["."]
  pruneopts = "UT"
  revision = "bdfd7e07daecc404d77868a88b2364d0aed0ee5a"
  version = "v0.19.2"

[[projects]]
  digest = "1:2de91ae845491f7158c1644a1183d2bbcc5a7bd668768b60a91519f848603dad"
  name = "github.com/go-openapi/swag"
  packages = ["."]
  pruneopts = "UT"
  revision = "de649ffb9e02183a414820c5b1b4582f7b009792"
  version = "v0.19.4"

[[projects]]
  digest = "1:6a539f22990dee302ae4ce63f29eae68061a546c4f30d75b2c4e7266c5619ce3"
  name = "github.com/inconshreveable/log15"
  packages = ["term"]
  pruneopts = "UT"
  revision = "67afb5ed74ec82fd7ac8f49d27c509ac6f991970"
  version = "v2.14"

[[projects]]
  digest = "1:31e761d97c76151dde79e9d28964a812c46efc5baee4085b86f68f0c654450de"
  name = "github.com/konsorten/go-windows-terminal-sequences"
  packages = ["."]
  pruneopts = "UT"
  revision = "f55edac94c9bbba5d6182a4be46d86a2c9b5b50e"
  version = "v1.0.2"

[[projects]]
  branch = "master"
  digest = "1:927762c6729b4e72957ba3310e485ed09cf8451c5a637a52fd016a9fe09e7936"
  name = "github.com/mailru/easyjson"
  packages = [
    "buffer",
    "jlexer",
    "jwriter",
  ]
  pruneopts = "UT"
  revision = "b2ccc519800e761ac8000b95e5d57c80a897ff9e"

[[projects]]
  digest = "1:7c084e0e780596dd2a7e20d25803909a9a43689c153de953520dfbc0b0e51166"
  name = "github.com/mattn/go-colorable"
  packages = ["."]
  pruneopts = "UT"
  revision = "8029fb3788e5a4a9c00e415f586a6d033f5d38b3"
  version = "v0.1.2"

[[projects]]
  digest = "1:9b90c7639a41697f3d4ad12d7d67dfacc9a7a4a6e0bbfae4fc72d0da57c28871"
  name = "github.com/mattn/go-isatty"
  packages = ["."]
  pruneopts = "UT"
  revision = "1311e847b0cb909da63b5fecfb5370aa66236465"
  version = "v0.0.8"

[[projects]]
  digest = "1:0356f3312c9bd1cbeda81505b7fd437501d8e778ab66998ef69f00d7f9b3a0d7"
  name = "github.com/mattn/go-runewidth"
  packages = ["."]
  pruneopts = "UT"
  revision = "3ee7d812e62a0804a7d0a324e0249ca2db3476d3"
  version = "v0.0.4"

[[projects]]
  digest = "1:cf31692c14422fa27c83a05292eb5cbe0fb2775972e8f1f8446a71549bd8980b"
  name = "github.com/pkg/errors"
  packages = ["."]
  pruneopts = "UT"
  revision = "ba968bfe8b2f7e042a574c888954fccecfa385b4"
  version = "v0.8.1"

[[projects]]
  digest = "1:97be06856202c34527ba0e5dace6696d90b521ace0a1d8fe0000e6cc23203e8b"
  name = "github.com/revel/config"
  packages = ["."]
  pruneopts = "UT"
  revision = "a81c4105c36841d27e529f875b6062da7b8f986c"
  version = "v0.21.0"

[[projects]]
  digest = "1:ad5e66a907bb1fbbca353c08c40a099e96daacc5761f7dc1e3293ab64b2f3d2e"
  name = "github.com/revel/log15"
  packages = ["."]
  pruneopts = "UT"
  revision = "793412a67da6f8d15fede4c38f5c66272478cb8a"
  version = "v2.11.20"

[[projects]]
  digest = "1:3b3e32bf4b9210895f80b3494497609b393246a69b63d4f179ac10d355119f02"
  name = "github.com/revel/modules"
  packages = [
    "static",
    "static/app/controllers",
    "static/app/model",
  ]
  pruneopts = "UT"
  revision = "a50f5f138880b68aef235a7c1f3f09ba56b71d45"
  version = "v0.21.0"

[[projects]]
  branch = "master"
  digest = "1:a0812e773563f2e41afebf582088a86b0f01eb5bd794c19ecc1bce25820b1fa2"
  name = "github.com/revel/pathtree"
  packages = ["."]
  pruneopts = "UT"
  revision = "41257a1839e945fce74afd070e02bab2ea2c776a"

[[projects]]
  digest = "1:ef5e3a0a30003e31625b6d0954565f0f9d21797ff22a456d73ba138f62873310"
  name = "github.com/revel/revel"
  packages = [
    ".",
    "logger",
    "model",
    "session",
    "testing",
    "utils",
  ]
  pruneopts = "UT"
  revision = "a3d7a7c23ca885cc5036d3641ede49ce4a14ee2e"
  version = "v0.21.0"

[[projects]]
  digest = "1:04457f9f6f3ffc5fea48e71d62f2ca256637dee0a04d710288e27e05c8b41976"
  name = "github.com/sirupsen/logrus"
  packages = ["."]
  pruneopts = "UT"
  revision = "839c75faf7f98a33d445d181f3018b5c3409a45e"
  version = "v1.4.2"

[[projects]]
  branch = "master"
  digest = "1:352542e124c4ac4872542f4e5226d6648ba42a037e7bf6656fb1627e37ae059b"
  name = "github.com/swaggo/files"
  packages = ["."]
  pruneopts = "UT"
  revision = "630677cd5c140664e2ff6b53e75c289877268c69"

[[projects]]
  branch = "master"
  digest = "1:1608e2a91acb79f492bc5b0ae537164ecac1f392ce49d5db0254b7350cd63ba3"
  name = "github.com/swaggo/http-swagger"
  packages = ["."]
  pruneopts = "UT"
  revision = "c2865af9083e2d95ea55cd2734c03f7f81030cea"

[[projects]]
  digest = "1:d5fc6d4d721d16395a483c4f4aae278627031175166de6d2bb302be23e6b4826"
  name = "github.com/swaggo/swag"
  packages = ["."]
  pruneopts = "UT"
  revision = "52091f11ff1d0c58cd3403970c6160713f117246"
  version = "v1.6.2"

[[projects]]
  digest = "1:8f41bbca0d6435bb54d7c090336f7693942cda30f9126eaf3959b8df48721ac3"
  name = "github.com/twinj/uuid"
  packages = ["."]
  pruneopts = "UT"
  revision = "835a10bbd6bce40820349a68b1368a62c3c5617c"
  version = "v1.0.0"

[[projects]]
  digest = "1:ffa6bd15109b4ad04ed01419ca6c0cf6e41afb335d84b68bb1251b24ec2353a2"
  name = "github.com/xeonx/timeago"
  packages = ["."]
  pruneopts = "UT"
  revision = "4e7d8c1f9a433881f64a7f87f51e494186857982"
  version = "v1.0.0-rc4"

[[projects]]
  branch = "master"
  digest = "1:ffebede762b00a7ffe84ef08efc4f4e87823b5298b4fd477313579f553db0c6a"
  name = "golang.org/x/crypto"
  packages = [
    "curve25519",
    "ed25519",
    "ed25519/internal/edwards25519",
    "internal/chacha20",
    "internal/subtle",
    "poly1305",
    "ssh",
  ]
  pruneopts = "UT"
  revision = "4def268fd1a49955bfb3dda92fe3db4f924f2285"

[[projects]]
  branch = "master"
  digest = "1:16bdc15b3217c9439d9a283961700cadc6375a8067f8d1c3fe9a6902bb02bc40"
  name = "golang.org/x/net"
  packages = [
    "idna",
    "webdav",
    "webdav/internal/xml",
    "websocket",
  ]
  pruneopts = "UT"
  revision = "ca1201d0de80cfde86cb01aea620983605dfe99b"

[[projects]]
  branch = "master"
  digest = "1:78e2de67d4ddf9fd41df5d1baf0e54135ec1fd8f690ea7ba602587f5524534bf"
  name = "golang.org/x/sys"
  packages = [
    "cpu",
    "unix",
  ]
  pruneopts = "UT"
  revision = "51ab0e2deafac1f46c46ad59cf0921be2f180c3d"

[[projects]]
  digest = "1:66a2f252a58b4fbbad0e4e180e1d85a83c222b6bce09c3dcdef3dc87c72eda7c"
  name = "golang.org/x/text"
  packages = [
    "collate",
    "collate/build",
    "internal/colltab",
    "internal/gen",
    "internal/language",
    "internal/language/compact",
    "internal/tag",
    "internal/triegen",
    "internal/ucd",
    "language",
    "secure/bidirule",
    "transform",
    "unicode/bidi",
    "unicode/cldr",
    "unicode/norm",
    "unicode/rangetable",
    "width",
  ]
  pruneopts = "UT"
  revision = "342b2e1fbaa52c93f31447ad2c6abc048c63e475"
  version = "v0.3.2"

[[projects]]
  branch = "master"
  digest = "1:fe769389c160ff12b5eb8e6fcdbb8912fc70bafbbdc12e8a83aa438e45041f54"
  name = "golang.org/x/tools"
  packages = [
    "go/ast/astutil",
    "go/buildutil",
    "go/internal/cgo",
    "go/loader",
  ]
  pruneopts = "UT"
  revision = "1d1727260058c6d58ebfdeb982c4657342282355"

[[projects]]
  digest = "1:abeb38ade3f32a92943e5be54f55ed6d6e3b6602761d74b4aab4c9dd45c18abd"
  name = "gopkg.in/fsnotify/fsnotify.v1"
  packages = ["."]
  pruneopts = "UT"
  revision = "c2828203cd70a50dcccfb2761f8b1f8ceef9a8e9"
  version = "v1.4.7"

[[projects]]
  digest = "1:c805e517269b0ba4c21ded5836019ed7d16953d4026cb7d00041d039c7906be9"
  name = "gopkg.in/natefinch/lumberjack.v2"
  packages = ["."]
  pruneopts = "UT"
  revision = "a96e63847dc3c67d17befa69c303767e2f84e54f"
  version = "v2.1"

[[projects]]
  branch = "v0"
  digest = "1:00d2943cfcfbb3dc043f6d8586d0db5a9e8507c36429babe8d5d1af8ee43a753"
  name = "gopkg.in/stack.v0"
  packages = ["."]
  pruneopts = "UT"
  revision = "9b43fcefddd0178abdabf4d484ab0d695d0011db"

[[projects]]
  digest = "1:4d2e5a73dc1500038e504a8d78b986630e3626dc027bc030ba5c75da257cdb96"
  name = "gopkg.in/yaml.v2"
  packages = ["."]
  pruneopts = "UT"
  revision = "51d6538a90f86fe93ac480b35f37b2be17fef232"
  version = "v2.2.2"

[solve-meta]
  analyzer-name = "dep"
  analyzer-version = 1
  input-imports = [
    "github.com/bitly/go-simplejson",
    "github.com/blang/semver",
    "github.com/cheggaaa/pb",
    "github.com/gliderlabs/ssh",
    "github.com/revel/modules/static",
    "github.com/revel/modules/static/app/controllers",
    "github.com/revel/revel",
    "github.com/revel/revel/testing",
    "github.com/sirupsen/logrus",
    "github.com/swaggo/http-swagger",
    "golang.org/x/crypto/ssh",
  ]
  solver-name = "gps-cdcl"
  solver-version = 1
