# This file is autogenerated, do not edit; changes may be undone by the next 'dep ensure'.


[[projects]]
  digest = "1:b520b55fc1146c5b0eea03b07233f7a3d4a9be985c037c91ea6b82ecb81bd521"
  name = "github.com/bitly/go-simplejson"
  packages = ["."]
  pruneopts = "UT"
  revision = "aabad6e819789e569bd6aabf444c935aa9ba1e44"
  version = "v0.5.0"

[[projects]]
  digest = "1:b6d886569181ec96ca83d529f4d6ba0cbf92ace7bb6f633f90c5f34d9bba7aab"
  name = "github.com/blang/semver"
  packages = ["."]
  pruneopts = "UT"
  revision = "ba2c2ddd89069b46a7011d4106f6868f17ee1705"
  version = "v3.6.1"

[[projects]]
  digest = "1:26f2a28a9077d5b11df8af4cee2bcff1e1dd414a1b3f1fac99aa7d23439e4bf1"
  name = "github.com/cheggaaa/pb"
  packages = ["."]
  pruneopts = "UT"
  revision = "40231cf7fa00b7c9098939b6a9e6f54f4b3ce020"
  version = "v3.0.1"

[[projects]]
  digest = "1:31e761d97c76151dde79e9d28964a812c46efc5baee4085b86f68f0c654450de"
  name = "github.com/konsorten/go-windows-terminal-sequences"
  packages = ["."]
  pruneopts = "UT"
  revision = "f55edac94c9bbba5d6182a4be46d86a2c9b5b50e"
  version = "v1.0.2"

[[projects]]
  digest = "1:0356f3312c9bd1cbeda81505b7fd437501d8e778ab66998ef69f00d7f9b3a0d7"
  name = "github.com/mattn/go-runewidth"
  packages = ["."]
  pruneopts = "UT"
  revision = "3ee7d812e62a0804a7d0a324e0249ca2db3476d3"
  version = "v0.0.4"

[[projects]]
  digest = "1:04457f9f6f3ffc5fea48e71d62f2ca256637dee0a04d710288e27e05c8b41976"
  name = "github.com/sirupsen/logrus"
  packages = ["."]
  pruneopts = "UT"
  revision = "839c75faf7f98a33d445d181f3018b5c3409a45e"
  version = "v1.4.2"

[[projects]]
  branch = "master"
  digest = "1:fdfd985fe7956d77128572032636b5c1b7b58a81acd7089e96923e2f9539c573"
  name = "golang.org/x/sys"
  packages = ["unix"]
  pruneopts = "UT"
  revision = "51ab0e2deafac1f46c46ad59cf0921be2f180c3d"

[solve-meta]
  analyzer-name = "dep"
  analyzer-version = 1
  input-imports = [
    "github.com/bitly/go-simplejson",
    "github.com/blang/semver",
    "github.com/cheggaaa/pb",
    "github.com/sirupsen/logrus",
  ]
  solver-name = "gps-cdcl"
  solver-version = 1
